
Microsoft Visual Studio Solution File, Format Version 12.00
# Visual Studio 15
VisualStudioVersion = 15.0.28307.102
MinimumVisualStudioVersion = 10.0.40219.1
Project("{9A19103F-16F7-4668-BE54-9A1E7A4F7556}") = "httpserver", "httpserver\httpserver.csproj", "{86CE6D71-CF3D-4DB9-89F8-4545EB751A5F}"
EndProject
Global
	GlobalSection(SolutionConfigurationPlatforms) = preSolution
		Debug|Any CPU = Debug|Any CPU
		Release|Any CPU = Release|Any CPU
	EndGlobalSection
	GlobalSection(ProjectConfigurationPlatforms) = postSolution
		{86CE6D71-CF3D-4DB9-89F8-4545EB751A5F}.Debug|Any CPU.ActiveCfg = Debug|Any CPU
		{86CE6D71-CF3D-4DB9-89F8-4545EB751A5F}.Debug|Any CPU.Build.0 = Debug|Any CPU
		{86CE6D71-CF3D-4DB9-89F8-4545EB751A5F}.Release|Any CPU.ActiveCfg = Release|Any CPU
		{86CE6D71-CF3D-4DB9-89F8-4545EB751A5F}.Release|Any CPU.Build.0 = Release|Any CPU
	EndGlobalSection
	GlobalSection(SolutionProperties) = preSolution
		HideSolutionNode = FALSE
	EndGlobalSection
	GlobalSection(ExtensibilityGlobals) = postSolution
		SolutionGuid = {9D7C5B65-38AB-4481-8A4B-C3EC92A18DFC}
	EndGlobalSection
EndGlobal
